
Microsoft Visual Studio Solution File, Format Version 12.00
# Visual Studio Version 16
VisualStudioVersion = 16.0.32228.547
MinimumVisualStudioVersion = 10.0.40219.1
Project("{FAE04EC0-301F-11D3-BF4B-00C04F79EFBC}") = "QuanLyCuaHang", "QuanLyCuaHang\QuanLyCuaHang.csproj", "{87268B32-4CEF-47F5-A637-2B1B6C4322F2}"
EndProject
Global
	GlobalSection(SolutionConfigurationPlatforms) = preSolution
		Debug|Any CPU = Debug|Any CPU
		Release|Any CPU = Release|Any CPU
	EndGlobalSection
	GlobalSection(ProjectConfigurationPlatforms) = postSolution
		{87268B32-4CEF-47F5-A637-2B1B6C4322F2}.Debug|Any CPU.ActiveCfg = Debug|Any CPU
		{87268B32-4CEF-47F5-A637-2B1B6C4322F2}.Debug|Any CPU.Build.0 = Debug|Any CPU
		{87268B32-4CEF-47F5-A637-2B1B6C4322F2}.Release|Any CPU.ActiveCfg = Release|Any CPU
		{87268B32-4CEF-47F5-A637-2B1B6C4322F2}.Release|Any CPU.Build.0 = Release|Any CPU
	EndGlobalSection
	GlobalSection(SolutionProperties) = preSolution
		HideSolutionNode = FALSE
	EndGlobalSection
	GlobalSection(ExtensibilityGlobals) = postSolution
		SolutionGuid = {56348757-B0E3-437B-A870-7EFCB3E47805}
	EndGlobalSection
EndGlobal
